
Microsoft Visual Studio Solution File, Format Version 12.00
# Visual Studio Version 16
VisualStudioVersion = 16.0.30523.141
MinimumVisualStudioVersion = 10.0.40219.1
Project("{FAE04EC0-301F-11D3-BF4B-00C04F79EFBC}") = "Cruzeiro", "Cruzeiro\Cruzeiro.csproj", "{31DADC79-4682-4453-96D3-49111E025D29}"
EndProject
Global
	GlobalSection(SolutionConfigurationPlatforms) = preSolution
		Debug|Any CPU = Debug|Any CPU
		Release|Any CPU = Release|Any CPU
	EndGlobalSection
	GlobalSection(ProjectConfigurationPlatforms) = postSolution
		{31DADC79-4682-4453-96D3-49111E025D29}.Debug|Any CPU.ActiveCfg = Debug|Any CPU
		{31DADC79-4682-4453-96D3-49111E025D29}.Debug|Any CPU.Build.0 = Debug|Any CPU
		{31DADC79-4682-4453-96D3-49111E025D29}.Release|Any CPU.ActiveCfg = Release|Any CPU
		{31DADC79-4682-4453-96D3-49111E025D29}.Release|Any CPU.Build.0 = Release|Any CPU
	EndGlobalSection
	GlobalSection(SolutionProperties) = preSolution
		HideSolutionNode = FALSE
	EndGlobalSection
	GlobalSection(ExtensibilityGlobals) = postSolution
		SolutionGuid = {3030FB1A-1CAD-4210-8463-AA34C55BC53C}
	EndGlobalSection
EndGlobal
